
Microsoft Visual Studio Solution File, Format Version 12.00
# Visual Studio Version 17
VisualStudioVersion = 17.5.2.0
MinimumVisualStudioVersion = 10.0.40219.1
Project("{FAE04EC0-301F-11D3-BF4B-00C04F79EFBC}") = "VesteEVolta", "VesteEVolta\VesteEVolta.csproj", "{E178B7D8-0393-1B58-FBF4-90B9136D4BCB}"
EndProject
Project("{FAE04EC0-301F-11D3-BF4B-00C04F79EFBC}") = "VesteEVolta.Tests", "VesteEVolta.Tests\VesteEVolta.Tests.csproj", "{B51CD18F-F44A-4CC2-B116-5E7E2A7DDDC6}"
EndProject
Global
	GlobalSection(SolutionConfigurationPlatforms) = preSolution
		Debug|Any CPU = Debug|Any CPU
		Debug|x64 = Debug|x64
		Debug|x86 = Debug|x86
		Release|Any CPU = Release|Any CPU
		Release|x64 = Release|x64
		Release|x86 = Release|x86
	EndGlobalSection
	GlobalSection(ProjectConfigurationPlatforms) = postSolution
		{E178B7D8-0393-1B58-FBF4-90B9136D4BCB}.Debug|Any CPU.ActiveCfg = Debug|Any CPU
		{E178B7D8-0393-1B58-FBF4-90B9136D4BCB}.Debug|Any CPU.Build.0 = Debug|Any CPU
		{E178B7D8-0393-1B58-FBF4-90B9136D4BCB}.Debug|x64.ActiveCfg = Debug|Any CPU
		{E178B7D8-0393-1B58-FBF4-90B9136D4BCB}.Debug|x64.Build.0 = Debug|Any CPU
		{E178B7D8-0393-1B58-FBF4-90B9136D4BCB}.Debug|x86.ActiveCfg = Debug|Any CPU
		{E178B7D8-0393-1B58-FBF4-90B9136D4BCB}.Debug|x86.Build.0 = Debug|Any CPU
		{E178B7D8-0393-1B58-FBF4-90B9136D4BCB}.Release|Any CPU.ActiveCfg = Release|Any CPU
		{E178B7D8-0393-1B58-FBF4-90B9136D4BCB}.Release|Any CPU.Build.0 = Release|Any CPU
		{E178B7D8-0393-1B58-FBF4-90B9136D4BCB}.Release|x64.ActiveCfg = Release|Any CPU
		{E178B7D8-0393-1B58-FBF4-90B9136D4BCB}.Release|x64.Build.0 = Release|Any CPU
		{E178B7D8-0393-1B58-FBF4-90B9136D4BCB}.Release|x86.ActiveCfg = Release|Any CPU
		{E178B7D8-0393-1B58-FBF4-90B9136D4BCB}.Release|x86.Build.0 = Release|Any CPU
		{B51CD18F-F44A-4CC2-B116-5E7E2A7DDDC6}.Debug|Any CPU.ActiveCfg = Debug|Any CPU
		{B51CD18F-F44A-4CC2-B116-5E7E2A7DDDC6}.Debug|Any CPU.Build.0 = Debug|Any CPU
		{B51CD18F-F44A-4CC2-B116-5E7E2A7DDDC6}.Debug|x64.ActiveCfg = Debug|Any CPU
		{B51CD18F-F44A-4CC2-B116-5E7E2A7DDDC6}.Debug|x64.Build.0 = Debug|Any CPU
		{B51CD18F-F44A-4CC2-B116-5E7E2A7DDDC6}.Debug|x86.ActiveCfg = Debug|Any CPU
		{B51CD18F-F44A-4CC2-B116-5E7E2A7DDDC6}.Debug|x86.Build.0 = Debug|Any CPU
		{B51CD18F-F44A-4CC2-B116-5E7E2A7DDDC6}.Release|Any CPU.ActiveCfg = Release|Any CPU
		{B51CD18F-F44A-4CC2-B116-5E7E2A7DDDC6}.Release|Any CPU.Build.0 = Release|Any CPU
		{B51CD18F-F44A-4CC2-B116-5E7E2A7DDDC6}.Release|x64.ActiveCfg = Release|Any CPU
		{B51CD18F-F44A-4CC2-B116-5E7E2A7DDDC6}.Release|x64.Build.0 = Release|Any CPU
		{B51CD18F-F44A-4CC2-B116-5E7E2A7DDDC6}.Release|x86.ActiveCfg = Release|Any CPU
		{B51CD18F-F44A-4CC2-B116-5E7E2A7DDDC6}.Release|x86.Build.0 = Release|Any CPU
	EndGlobalSection
	GlobalSection(SolutionProperties) = preSolution
		HideSolutionNode = FALSE
	EndGlobalSection
	GlobalSection(ExtensibilityGlobals) = postSolution
		SolutionGuid = {D8D4F18D-A733-4830-A2F8-E79AABECDD8F}
	EndGlobalSection
EndGlobal
