Microsoft Visual Studio Solution File, Format Version 12.00
# Visual Studio Version 17
VisualStudioVersion = 17.5.2.0
MinimumVisualStudioVersion = 10.0.40219.1
Project("{FAE04EC0-301F-11D3-BF4B-00C04F79EFBC}") = "VesteEVolta", "VesteEVolta.csproj", "{E178B7D8-0393-1B58-FBF4-90B9136D4BCB}"
EndProject
Global
	GlobalSection(SolutionConfigurationPlatforms) = preSolution
		Debug|Any CPU = Debug|Any CPU
		Release|Any CPU = Release|Any CPU
	EndGlobalSection
	GlobalSection(ProjectConfigurationPlatforms) = postSolution
		{E178B7D8-0393-1B58-FBF4-90B9136D4BCB}.Debug|Any CPU.ActiveCfg = Debug|Any CPU
		{E178B7D8-0393-1B58-FBF4-90B9136D4BCB}.Debug|Any CPU.Build.0 = Debug|Any CPU
		{E178B7D8-0393-1B58-FBF4-90B9136D4BCB}.Release|Any CPU.ActiveCfg = Release|Any CPU
		{E178B7D8-0393-1B58-FBF4-90B9136D4BCB}.Release|Any CPU.Build.0 = Release|Any CPU
	EndGlobalSection
	GlobalSection(SolutionProperties) = preSolution
		HideSolutionNode = FALSE
	EndGlobalSection
	GlobalSection(ExtensibilityGlobals) = postSolution
		SolutionGuid = {D8D4F18D-A733-4830-A2F8-E79AABECDD8F}
	EndGlobalSection
EndGlobal
